
Microsoft Visual Studio Solution File, Format Version 12.00
# Visual Studio Version 17
VisualStudioVersion = 17.9.34723.18
MinimumVisualStudioVersion = 10.0.40219.1
Project("{FAE04EC0-301F-11D3-BF4B-00C04F79EFBC}") = "Advertencias", "Advertencias\Advertencias.csproj", "{8AD936DC-BDD2-4A52-A2AF-AD9BC8C995F4}"
EndProject
Global
	GlobalSection(SolutionConfigurationPlatforms) = preSolution
		Debug|Any CPU = Debug|Any CPU
		Release|Any CPU = Release|Any CPU
	EndGlobalSection
	GlobalSection(ProjectConfigurationPlatforms) = postSolution
		{8AD936DC-BDD2-4A52-A2AF-AD9BC8C995F4}.Debug|Any CPU.ActiveCfg = Debug|Any CPU
		{8AD936DC-BDD2-4A52-A2AF-AD9BC8C995F4}.Debug|Any CPU.Build.0 = Debug|Any CPU
		{8AD936DC-BDD2-4A52-A2AF-AD9BC8C995F4}.Release|Any CPU.ActiveCfg = Release|Any CPU
		{8AD936DC-BDD2-4A52-A2AF-AD9BC8C995F4}.Release|Any CPU.Build.0 = Release|Any CPU
	EndGlobalSection
	GlobalSection(SolutionProperties) = preSolution
		HideSolutionNode = FALSE
	EndGlobalSection
	GlobalSection(ExtensibilityGlobals) = postSolution
		SolutionGuid = {442CBEED-76CF-4D12-95E3-4CCF6517FEB1}
	EndGlobalSection
EndGlobal
